
Microsoft Visual Studio Solution File, Format Version 12.00
# Visual Studio Version 17
VisualStudioVersion = 17.0.31919.166
MinimumVisualStudioVersion = 10.0.40219.1
Project("{FAE04EC0-301F-11D3-BF4B-00C04F79EFBC}") = "WpfApp1", "WpfApp1.csproj", "{13D0A773-0AAC-4A5F-BE02-480DB10C2396}"
EndProject
Global
	GlobalSection(SolutionConfigurationPlatforms) = preSolution
		Debug|Any CPU = Debug|Any CPU
		Release|Any CPU = Release|Any CPU
	EndGlobalSection
	GlobalSection(ProjectConfigurationPlatforms) = postSolution
		{13D0A773-0AAC-4A5F-BE02-480DB10C2396}.Debug|Any CPU.ActiveCfg = Debug|Any CPU
		{13D0A773-0AAC-4A5F-BE02-480DB10C2396}.Debug|Any CPU.Build.0 = Debug|Any CPU
		{13D0A773-0AAC-4A5F-BE02-480DB10C2396}.Release|Any CPU.ActiveCfg = Release|Any CPU
		{13D0A773-0AAC-4A5F-BE02-480DB10C2396}.Release|Any CPU.Build.0 = Release|Any CPU
	EndGlobalSection
	GlobalSection(SolutionProperties) = preSolution
		HideSolutionNode = FALSE
	EndGlobalSection
	GlobalSection(ExtensibilityGlobals) = postSolution
		SolutionGuid = {5E910AFE-0AC0-4044-9E73-FBB4464219A6}
	EndGlobalSection
EndGlobal
